
Microsoft Visual Studio Solution File, Format Version 12.00
# Visual Studio 2012
Project("{FAE04EC0-301F-11D3-BF4B-00C04F79EFBC}") = "formgenie", "formgenie\formgenie.csproj", "{56411AC7-E356-4C3A-BE45-1ED1DF1D8F77}"
EndProject
Project("{FAE04EC0-301F-11D3-BF4B-00C04F79EFBC}") = "formgenie.iOS", "iOS\formgenie.iOS.csproj", "{BEACC72E-2096-4B11-9DB2-9210B51DA004}"
EndProject
Project("{FAE04EC0-301F-11D3-BF4B-00C04F79EFBC}") = "formgenie.Droid", "Droid\formgenie.Droid.csproj", "{7DA58126-D798-4BAD-99EA-E58CD642657B}"
EndProject
Global
	GlobalSection(SolutionConfigurationPlatforms) = preSolution
		Debug|Any CPU = Debug|Any CPU
		Release|Any CPU = Release|Any CPU
		Debug|iPhoneSimulator = Debug|iPhoneSimulator
		Release|iPhone = Release|iPhone
		Release|iPhoneSimulator = Release|iPhoneSimulator
		Debug|iPhone = Debug|iPhone
	EndGlobalSection
	GlobalSection(ProjectConfigurationPlatforms) = postSolution
		{56411AC7-E356-4C3A-BE45-1ED1DF1D8F77}.Debug|Any CPU.ActiveCfg = Debug|Any CPU
		{56411AC7-E356-4C3A-BE45-1ED1DF1D8F77}.Debug|Any CPU.Build.0 = Debug|Any CPU
		{56411AC7-E356-4C3A-BE45-1ED1DF1D8F77}.Release|Any CPU.ActiveCfg = Release|Any CPU
		{56411AC7-E356-4C3A-BE45-1ED1DF1D8F77}.Release|Any CPU.Build.0 = Release|Any CPU
		{56411AC7-E356-4C3A-BE45-1ED1DF1D8F77}.Debug|iPhoneSimulator.ActiveCfg = Debug|Any CPU
		{56411AC7-E356-4C3A-BE45-1ED1DF1D8F77}.Debug|iPhoneSimulator.Build.0 = Debug|Any CPU
		{56411AC7-E356-4C3A-BE45-1ED1DF1D8F77}.Release|iPhone.ActiveCfg = Release|Any CPU
		{56411AC7-E356-4C3A-BE45-1ED1DF1D8F77}.Release|iPhone.Build.0 = Release|Any CPU
		{56411AC7-E356-4C3A-BE45-1ED1DF1D8F77}.Release|iPhoneSimulator.ActiveCfg = Release|Any CPU
		{56411AC7-E356-4C3A-BE45-1ED1DF1D8F77}.Release|iPhoneSimulator.Build.0 = Release|Any CPU
		{56411AC7-E356-4C3A-BE45-1ED1DF1D8F77}.Debug|iPhone.ActiveCfg = Debug|Any CPU
		{56411AC7-E356-4C3A-BE45-1ED1DF1D8F77}.Debug|iPhone.Build.0 = Debug|Any CPU
		{BEACC72E-2096-4B11-9DB2-9210B51DA004}.Debug|Any CPU.ActiveCfg = Debug|iPhoneSimulator
		{BEACC72E-2096-4B11-9DB2-9210B51DA004}.Debug|Any CPU.Build.0 = Debug|iPhoneSimulator
		{BEACC72E-2096-4B11-9DB2-9210B51DA004}.Release|Any CPU.ActiveCfg = Release|iPhone
		{BEACC72E-2096-4B11-9DB2-9210B51DA004}.Release|Any CPU.Build.0 = Release|iPhone
		{BEACC72E-2096-4B11-9DB2-9210B51DA004}.Debug|iPhoneSimulator.ActiveCfg = Debug|iPhoneSimulator
		{BEACC72E-2096-4B11-9DB2-9210B51DA004}.Debug|iPhoneSimulator.Build.0 = Debug|iPhoneSimulator
		{BEACC72E-2096-4B11-9DB2-9210B51DA004}.Release|iPhone.ActiveCfg = Release|iPhone
		{BEACC72E-2096-4B11-9DB2-9210B51DA004}.Release|iPhone.Build.0 = Release|iPhone
		{BEACC72E-2096-4B11-9DB2-9210B51DA004}.Release|iPhoneSimulator.ActiveCfg = Release|iPhoneSimulator
		{BEACC72E-2096-4B11-9DB2-9210B51DA004}.Release|iPhoneSimulator.Build.0 = Release|iPhoneSimulator
		{BEACC72E-2096-4B11-9DB2-9210B51DA004}.Debug|iPhone.ActiveCfg = Debug|iPhone
		{BEACC72E-2096-4B11-9DB2-9210B51DA004}.Debug|iPhone.Build.0 = Debug|iPhone
		{7DA58126-D798-4BAD-99EA-E58CD642657B}.Debug|Any CPU.ActiveCfg = Debug|Any CPU
		{7DA58126-D798-4BAD-99EA-E58CD642657B}.Debug|Any CPU.Build.0 = Debug|Any CPU
		{7DA58126-D798-4BAD-99EA-E58CD642657B}.Release|Any CPU.ActiveCfg = Release|Any CPU
		{7DA58126-D798-4BAD-99EA-E58CD642657B}.Release|Any CPU.Build.0 = Release|Any CPU
		{7DA58126-D798-4BAD-99EA-E58CD642657B}.Debug|iPhoneSimulator.ActiveCfg = Debug|Any CPU
		{7DA58126-D798-4BAD-99EA-E58CD642657B}.Debug|iPhoneSimulator.Build.0 = Debug|Any CPU
		{7DA58126-D798-4BAD-99EA-E58CD642657B}.Release|iPhone.ActiveCfg = Release|Any CPU
		{7DA58126-D798-4BAD-99EA-E58CD642657B}.Release|iPhone.Build.0 = Release|Any CPU
		{7DA58126-D798-4BAD-99EA-E58CD642657B}.Release|iPhoneSimulator.ActiveCfg = Release|Any CPU
		{7DA58126-D798-4BAD-99EA-E58CD642657B}.Release|iPhoneSimulator.Build.0 = Release|Any CPU
		{7DA58126-D798-4BAD-99EA-E58CD642657B}.Debug|iPhone.ActiveCfg = Debug|Any CPU
		{7DA58126-D798-4BAD-99EA-E58CD642657B}.Debug|iPhone.Build.0 = Debug|Any CPU
	EndGlobalSection
EndGlobal
